
Microsoft Visual Studio Solution File, Format Version 12.00
# Visual Studio 15
Project("{FAE04EC0-301F-11D3-BF4B-00C04F79EFBC}") = "ServerTcp", "ServerTcp\ServerTcp.csproj", "{62E78530-16BC-4E93-9108-F3D25E87B19F}"
EndProject
Project("{FAE04EC0-301F-11D3-BF4B-00C04F79EFBC}") = "ClientTcp", "ClientTcp\ClientTcp.csproj", "{FDD9674A-EF6D-4EAE-BBD7-3031F6A6E206}"
EndProject
Global
	GlobalSection(SolutionConfigurationPlatforms) = preSolution
		Debug|Any CPU = Debug|Any CPU
		Release|Any CPU = Release|Any CPU
	EndGlobalSection
	GlobalSection(ProjectConfigurationPlatforms) = postSolution
		{62E78530-16BC-4E93-9108-F3D25E87B19F}.Debug|Any CPU.ActiveCfg = Debug|Any CPU
		{62E78530-16BC-4E93-9108-F3D25E87B19F}.Debug|Any CPU.Build.0 = Debug|Any CPU
		{62E78530-16BC-4E93-9108-F3D25E87B19F}.Release|Any CPU.ActiveCfg = Release|Any CPU
		{62E78530-16BC-4E93-9108-F3D25E87B19F}.Release|Any CPU.Build.0 = Release|Any CPU
		{FDD9674A-EF6D-4EAE-BBD7-3031F6A6E206}.Debug|Any CPU.ActiveCfg = Debug|Any CPU
		{FDD9674A-EF6D-4EAE-BBD7-3031F6A6E206}.Debug|Any CPU.Build.0 = Debug|Any CPU
		{FDD9674A-EF6D-4EAE-BBD7-3031F6A6E206}.Release|Any CPU.ActiveCfg = Release|Any CPU
		{FDD9674A-EF6D-4EAE-BBD7-3031F6A6E206}.Release|Any CPU.Build.0 = Release|Any CPU
	EndGlobalSection
EndGlobal
